
Microsoft Visual Studio Solution File, Format Version 12.00
# Visual Studio Version 17
VisualStudioVersion = 17.8.34330.188
MinimumVisualStudioVersion = 10.0.40219.1
Project("{FAE04EC0-301F-11D3-BF4B-00C04F79EFBC}") = "eTicket", "eTicket\eTicket.csproj", "{9ABC4E1D-9A23-4556-93B4-0DAC49C1147E}"
EndProject
Global
	GlobalSection(SolutionConfigurationPlatforms) = preSolution
		Debug|Any CPU = Debug|Any CPU
		Release|Any CPU = Release|Any CPU
	EndGlobalSection
	GlobalSection(ProjectConfigurationPlatforms) = postSolution
		{9ABC4E1D-9A23-4556-93B4-0DAC49C1147E}.Debug|Any CPU.ActiveCfg = Debug|Any CPU
		{9ABC4E1D-9A23-4556-93B4-0DAC49C1147E}.Debug|Any CPU.Build.0 = Debug|Any CPU
		{9ABC4E1D-9A23-4556-93B4-0DAC49C1147E}.Release|Any CPU.ActiveCfg = Release|Any CPU
		{9ABC4E1D-9A23-4556-93B4-0DAC49C1147E}.Release|Any CPU.Build.0 = Release|Any CPU
	EndGlobalSection
	GlobalSection(SolutionProperties) = preSolution
		HideSolutionNode = FALSE
	EndGlobalSection
	GlobalSection(ExtensibilityGlobals) = postSolution
		SolutionGuid = {DEF23B75-8C03-4E5F-88E9-55DB08BF818D}
	EndGlobalSection
EndGlobal
